
Microsoft Visual Studio Solution File, Format Version 12.00
# Visual Studio Version 17
VisualStudioVersion = 17.13.35913.81 d17.13
MinimumVisualStudioVersion = 10.0.40219.1
Project("{FAE04EC0-301F-11D3-BF4B-00C04F79EFBC}") = "DemoDevops", "DemoDevops\DemoDevops.csproj", "{7C862C55-78D1-47C6-A7C5-2909A94747EE}"
EndProject
Global
	GlobalSection(SolutionConfigurationPlatforms) = preSolution
		Debug|Any CPU = Debug|Any CPU
		Release|Any CPU = Release|Any CPU
	EndGlobalSection
	GlobalSection(ProjectConfigurationPlatforms) = postSolution
		{7C862C55-78D1-47C6-A7C5-2909A94747EE}.Debug|Any CPU.ActiveCfg = Debug|Any CPU
		{7C862C55-78D1-47C6-A7C5-2909A94747EE}.Debug|Any CPU.Build.0 = Debug|Any CPU
		{7C862C55-78D1-47C6-A7C5-2909A94747EE}.Release|Any CPU.ActiveCfg = Release|Any CPU
		{7C862C55-78D1-47C6-A7C5-2909A94747EE}.Release|Any CPU.Build.0 = Release|Any CPU
	EndGlobalSection
	GlobalSection(SolutionProperties) = preSolution
		HideSolutionNode = FALSE
	EndGlobalSection
	GlobalSection(ExtensibilityGlobals) = postSolution
		SolutionGuid = {E735EF9E-EE02-4C01-8D0D-9A82CE773F50}
	EndGlobalSection
EndGlobal
